
Microsoft Visual Studio Solution File, Format Version 12.00
# Visual Studio 14
VisualStudioVersion = 14.0.25420.1
MinimumVisualStudioVersion = 10.0.40219.1
Project("{FAE04EC0-301F-11D3-BF4B-00C04F79EFBC}") = "OOP_Lab2", "OOP_Lab2\OOP_Lab2.csproj", "{8C460F60-B036-448C-8234-ABE83F0B509A}"
EndProject
Project("{FAE04EC0-301F-11D3-BF4B-00C04F79EFBC}") = "OOP_Lab3", "OOP_Lab3\OOP_Lab3.csproj", "{FE799B0A-F95E-4185-9047-0A5F35C682D9}"
EndProject
Project("{FAE04EC0-301F-11D3-BF4B-00C04F79EFBC}") = "OOP_Lab4", "OOP_Lab4\OOP_Lab4.csproj", "{BC30A3C5-C5E1-48FC-9AC9-487E1E1583EA}"
EndProject
Global
	GlobalSection(SolutionConfigurationPlatforms) = preSolution
		Debug|Any CPU = Debug|Any CPU
		Release|Any CPU = Release|Any CPU
	EndGlobalSection
	GlobalSection(ProjectConfigurationPlatforms) = postSolution
		{8C460F60-B036-448C-8234-ABE83F0B509A}.Debug|Any CPU.ActiveCfg = Debug|Any CPU
		{8C460F60-B036-448C-8234-ABE83F0B509A}.Debug|Any CPU.Build.0 = Debug|Any CPU
		{8C460F60-B036-448C-8234-ABE83F0B509A}.Release|Any CPU.ActiveCfg = Release|Any CPU
		{8C460F60-B036-448C-8234-ABE83F0B509A}.Release|Any CPU.Build.0 = Release|Any CPU
		{FE799B0A-F95E-4185-9047-0A5F35C682D9}.Debug|Any CPU.ActiveCfg = Debug|Any CPU
		{FE799B0A-F95E-4185-9047-0A5F35C682D9}.Debug|Any CPU.Build.0 = Debug|Any CPU
		{FE799B0A-F95E-4185-9047-0A5F35C682D9}.Release|Any CPU.ActiveCfg = Release|Any CPU
		{FE799B0A-F95E-4185-9047-0A5F35C682D9}.Release|Any CPU.Build.0 = Release|Any CPU
		{BC30A3C5-C5E1-48FC-9AC9-487E1E1583EA}.Debug|Any CPU.ActiveCfg = Debug|Any CPU
		{BC30A3C5-C5E1-48FC-9AC9-487E1E1583EA}.Debug|Any CPU.Build.0 = Debug|Any CPU
		{BC30A3C5-C5E1-48FC-9AC9-487E1E1583EA}.Release|Any CPU.ActiveCfg = Release|Any CPU
		{BC30A3C5-C5E1-48FC-9AC9-487E1E1583EA}.Release|Any CPU.Build.0 = Release|Any CPU
	EndGlobalSection
	GlobalSection(SolutionProperties) = preSolution
		HideSolutionNode = FALSE
	EndGlobalSection
EndGlobal
